
Microsoft Visual Studio Solution File, Format Version 12.00
# Visual Studio Version 17
VisualStudioVersion = 17.14.36414.22
MinimumVisualStudioVersion = 10.0.40219.1
Project("{FAE04EC0-301F-11D3-BF4B-00C04F79EFBC}") = "Reelnode", "Reelnode\Reelnode.csproj", "{7B0D18C3-C234-48CE-BF1A-67EFD3E7B3FD}"
EndProject
Global
	GlobalSection(SolutionConfigurationPlatforms) = preSolution
		Debug|Any CPU = Debug|Any CPU
		Release|Any CPU = Release|Any CPU
	EndGlobalSection
	GlobalSection(ProjectConfigurationPlatforms) = postSolution
		{7B0D18C3-C234-48CE-BF1A-67EFD3E7B3FD}.Debug|Any CPU.ActiveCfg = Debug|Any CPU
		{7B0D18C3-C234-48CE-BF1A-67EFD3E7B3FD}.Debug|Any CPU.Build.0 = Debug|Any CPU
		{7B0D18C3-C234-48CE-BF1A-67EFD3E7B3FD}.Release|Any CPU.ActiveCfg = Release|Any CPU
		{7B0D18C3-C234-48CE-BF1A-67EFD3E7B3FD}.Release|Any CPU.Build.0 = Release|Any CPU
	EndGlobalSection
	GlobalSection(SolutionProperties) = preSolution
		HideSolutionNode = FALSE
	EndGlobalSection
	GlobalSection(ExtensibilityGlobals) = postSolution
		SolutionGuid = {F1FED987-021C-4E4B-8980-8195F2B68559}
	EndGlobalSection
EndGlobal
